// !$*UTF8*$!
{
	archiveVersion = 1;
	classes = {
	};
	objectVersion = 46;
	objects = {

/* Begin PBXBuildFile section */
		5D0013AD1FBE16CA00F0EC9B /* 12.jpg in Resources */ = {isa = PBXBuildFile; fileRef = 5D0013AA1FBE16C900F0EC9B /* 12.jpg */; };
		5D0013AE1FBE16CA00F0EC9B /* 13.jpg in Resources */ = {isa = PBXBuildFile; fileRef = 5D0013AB1FBE16C900F0EC9B /* 13.jpg */; };
		5D0013B11FBF37E000F0EC9B /* ServicTableViewCell.m in Sources */ = {isa = PBXBuildFile; fileRef = 5D0013B01FBF37E000F0EC9B /* ServicTableViewCell.m */; };
		5D0013B31FBF420D00F0EC9B /* 17.jpg in Resources */ = {isa = PBXBuildFile; fileRef = 5D0013B21FBF420D00F0EC9B /* 17.jpg */; };
		5D0013B51FBF42C900F0EC9B /* 15.jpg in Resources */ = {isa = PBXBuildFile; fileRef = 5D0013B41FBF42C900F0EC9B /* 15.jpg */; };
		5D0013B71FBF433200F0EC9B /* 16.jpg in Resources */ = {isa = PBXBuildFile; fileRef = 5D0013B61FBF433200F0EC9B /* 16.jpg */; };
		5DB3E2271FBBFA6F00A24456 /* main.m in Sources */ = {isa = PBXBuildFile; fileRef = 5DB3E2261FBBFA6F00A24456 /* main.m */; };
		5DB3E22A1FBBFA6F00A24456 /* AppDelegate.m in Sources */ = {isa = PBXBuildFile; fileRef = 5DB3E2291FBBFA6F00A24456 /* AppDelegate.m */; };
		5DB3E22D1FBBFA6F00A24456 /* ViewController.m in Sources */ = {isa = PBXBuildFile; fileRef = 5DB3E22C1FBBFA6F00A24456 /* ViewController.m */; };
		5DB3E2301FBBFA6F00A24456 /* Main.storyboard in Resources */ = {isa = PBXBuildFile; fileRef = 5DB3E22E1FBBFA6F00A24456 /* Main.storyboard */; };
		5DB3E2321FBBFA6F00A24456 /* Assets.xcassets in Resources */ = {isa = PBXBuildFile; fileRef = 5DB3E2311FBBFA6F00A24456 /* Assets.xcassets */; };
		5DB3E2401FBBFA6F00A24456 /* WhiteStory_1_1_0Tests.m in Sources */ = {isa = PBXBuildFile; fileRef = 5DB3E23F1FBBFA6F00A24456 /* WhiteStory_1_1_0Tests.m */; };
		5DB3E24B1FBBFA6F00A24456 /* WhiteStory_1_1_0UITests.m in Sources */ = {isa = PBXBuildFile; fileRef = 5DB3E24A1FBBFA6F00A24456 /* WhiteStory_1_1_0UITests.m */; };
		5DB3E25A1FBBFA8A00A24456 /* SWRevealViewController.m in Sources */ = {isa = PBXBuildFile; fileRef = 5DB3E2591FBBFA8A00A24456 /* SWRevealViewController.m */; };
		5DB3E25C1FBBFB0100A24456 /* WS-logo2.png in Resources */ = {isa = PBXBuildFile; fileRef = 5DB3E25B1FBBFB0100A24456 /* WS-logo2.png */; };
		5DB3E25E1FBBFB0900A24456 /* logo-3.png in Resources */ = {isa = PBXBuildFile; fileRef = 5DB3E25D1FBBFB0900A24456 /* logo-3.png */; };
		5DB3E2601FBC0C8B00A24456 /* menu.png in Resources */ = {isa = PBXBuildFile; fileRef = 5DB3E25F1FBC0C8B00A24456 /* menu.png */; };
		5DB3E2631FBC105700A24456 /* AboutViewController.m in Sources */ = {isa = PBXBuildFile; fileRef = 5DB3E2621FBC105700A24456 /* AboutViewController.m */; };
		5DB3E2651FBC137200A24456 /* phone.png in Resources */ = {isa = PBXBuildFile; fileRef = 5DB3E2641FBC137200A24456 /* phone.png */; };
		5DB3E2681FBC69AF00A24456 /* MapViewController.m in Sources */ = {isa = PBXBuildFile; fileRef = 5DB3E2671FBC69AF00A24456 /* MapViewController.m */; };
		5DB3E2731FBC6B4D00A24456 /* Accelerate.framework in Frameworks */ = {isa = PBXBuildFile; fileRef = 5DB3E2721FBC6B4D00A24456 /* Accelerate.framework */; };
		5DB3E2751FBC6B5B00A24456 /* CoreData.framework in Frameworks */ = {isa = PBXBuildFile; fileRef = 5DB3E2741FBC6B5B00A24456 /* CoreData.framework */; };
		5DB3E2771FBC6B6900A24456 /* CoreGraphics.framework in Frameworks */ = {isa = PBXBuildFile; fileRef = 5DB3E2761FBC6B6900A24456 /* CoreGraphics.framework */; };
		5DB3E2791FBC6B7800A24456 /* CoreLocation.framework in Frameworks */ = {isa = PBXBuildFile; fileRef = 5DB3E2781FBC6B7800A24456 /* CoreLocation.framework */; };
		5DB3E27B1FBC6B8400A24456 /* CoreText.framework in Frameworks */ = {isa = PBXBuildFile; fileRef = 5DB3E27A1FBC6B8400A24456 /* CoreText.framework */; };
		5DB3E27D1FBC6B9100A24456 /* GLKit.framework in Frameworks */ = {isa = PBXBuildFile; fileRef = 5DB3E27C1FBC6B9100A24456 /* GLKit.framework */; };
		5DB3E27F1FBC6B9C00A24456 /* ImageIO.framework in Frameworks */ = {isa = PBXBuildFile; fileRef = 5DB3E27E1FBC6B9C00A24456 /* ImageIO.framework */; };
		5DB3E2811FBC6BA900A24456 /* libc++.tbd in Frameworks */ = {isa = PBXBuildFile; fileRef = 5DB3E2801FBC6BA900A24456 /* libc++.tbd */; };
		5DB3E2831FBC6BB500A24456 /* libz.tbd in Frameworks */ = {isa = PBXBuildFile; fileRef = 5DB3E2821FBC6BB500A24456 /* libz.tbd */; };
		5DB3E2851FBC6BC100A24456 /* OpenGLES.framework in Frameworks */ = {isa = PBXBuildFile; fileRef = 5DB3E2841FBC6BC100A24456 /* OpenGLES.framework */; };
		5DB3E2871FBC6BD100A24456 /* QuartzCore.framework in Frameworks */ = {isa = PBXBuildFile; fileRef = 5DB3E2861FBC6BD100A24456 /* QuartzCore.framework */; };
		5DB3E2891FBC6BDC00A24456 /* SystemConfiguration.framework in Frameworks */ = {isa = PBXBuildFile; fileRef = 5DB3E2881FBC6BDC00A24456 /* SystemConfiguration.framework */; };
		5DB3E28B1FBC6BE900A24456 /* UIKit.framework in Frameworks */ = {isa = PBXBuildFile; fileRef = 5DB3E28A1FBC6BE900A24456 /* UIKit.framework */; };
		5DB3E28E1FBC892C00A24456 /* PromoViewController.m in Sources */ = {isa = PBXBuildFile; fileRef = 5DB3E28D1FBC892C00A24456 /* PromoViewController.m */; };
		5DB3E2911FBC8BA600A24456 /* PromoTableViewController.m in Sources */ = {isa = PBXBuildFile; fileRef = 5DB3E2901FBC8BA600A24456 /* PromoTableViewController.m */; };
		5DB3E35D1FBD815200A24456 /* TableViewCell.m in Sources */ = {isa = PBXBuildFile; fileRef = 5DB3E35C1FBD815200A24456 /* TableViewCell.m */; };
		5DB3E3611FBDBEEE00A24456 /* ServicesTableViewController.m in Sources */ = {isa = PBXBuildFile; fileRef = 5DB3E3601FBDBEEE00A24456 /* ServicesTableViewController.m */; };
		5DB3E3651FBDD21C00A24456 /* GoogleMaps.framework in Frameworks */ = {isa = PBXBuildFile; fileRef = 5DB3E3621FBDD21C00A24456 /* GoogleMaps.framework */; };
		5DB3E3661FBDD21C00A24456 /* GoogleMapsBase.framework in Frameworks */ = {isa = PBXBuildFile; fileRef = 5DB3E3631FBDD21C00A24456 /* GoogleMapsBase.framework */; };
		5DB3E3671FBDD21C00A24456 /* GoogleMapsCore.framework in Frameworks */ = {isa = PBXBuildFile; fileRef = 5DB3E3641FBDD21C00A24456 /* GoogleMapsCore.framework */; };
		5DB3E3691FBDD23500A24456 /* GoogleMaps.bundle in Resources */ = {isa = PBXBuildFile; fileRef = 5DB3E3681FBDD23500A24456 /* GoogleMaps.bundle */; };
		842948E11FC751F6001D6869 /* 7.jpg in Resources */ = {isa = PBXBuildFile; fileRef = 842948E01FC751F5001D6869 /* 7.jpg */; };
		842948E31FC75373001D6869 /* 5.jpg in Resources */ = {isa = PBXBuildFile; fileRef = 842948E21FC75372001D6869 /* 5.jpg */; };
		842949071FCD389D001D6869 /* Launch Screen.storyboard in Resources */ = {isa = PBXBuildFile; fileRef = 842949061FCD389D001D6869 /* Launch Screen.storyboard */; };
		8429490D1FCDAE8C001D6869 /* otbelivanie.png in Resources */ = {isa = PBXBuildFile; fileRef = 8429490C1FCDAE8A001D6869 /* otbelivanie.png */; };
		842949111FCDAEB8001D6869 /* chistka.png in Resources */ = {isa = PBXBuildFile; fileRef = 842949101FCDAEB7001D6869 /* chistka.png */; };
		842949141FCDB7E6001D6869 /* CellSmiTableViewCell.m in Sources */ = {isa = PBXBuildFile; fileRef = 842949131FCDB7E6001D6869 /* CellSmiTableViewCell.m */; };
		842949171FCDB812001D6869 /* SMITableView.m in Sources */ = {isa = PBXBuildFile; fileRef = 842949161FCDB812001D6869 /* SMITableView.m */; };
		842949191FCDFDBB001D6869 /* Cell.xib in Resources */ = {isa = PBXBuildFile; fileRef = 842949181FCDFDBB001D6869 /* Cell.xib */; };
		8429491B1FCF0443001D6869 /* o_clinice.png in Resources */ = {isa = PBXBuildFile; fileRef = 8429491A1FCF0442001D6869 /* o_clinice.png */; };
		8429491D1FCF0460001D6869 /* start.png in Resources */ = {isa = PBXBuildFile; fileRef = 8429491C1FCF0460001D6869 /* start.png */; };
		8429491F1FCF0470001D6869 /* endodont.png in Resources */ = {isa = PBXBuildFile; fileRef = 8429491E1FCF0470001D6869 /* endodont.png */; };
		842949211FD1E476001D6869 /* BeforeAfter.xib in Resources */ = {isa = PBXBuildFile; fileRef = 842949201FD1E476001D6869 /* BeforeAfter.xib */; };
		842949261FD1E5C1001D6869 /* BeforeAfterCell.m in Sources */ = {isa = PBXBuildFile; fileRef = 842949251FD1E5C1001D6869 /* BeforeAfterCell.m */; };
		842949291FD1E5E6001D6869 /* BeforeAfterController.m in Sources */ = {isa = PBXBuildFile; fileRef = 842949281FD1E5E6001D6869 /* BeforeAfterController.m */; };
		8429492E1FD20258001D6869 /* iToast.m in Sources */ = {isa = PBXBuildFile; fileRef = 8429492C1FD20255001D6869 /* iToast.m */; };
		842949351FD30EB0001D6869 /* do1.jpg in Resources */ = {isa = PBXBuildFile; fileRef = 842949331FD30EAF001D6869 /* do1.jpg */; };
		842949361FD30EB0001D6869 /* do2.jpg in Resources */ = {isa = PBXBuildFile; fileRef = 842949341FD30EB0001D6869 /* do2.jpg */; };
		8429493E1FD30F59001D6869 /* 4.png in Resources */ = {isa = PBXBuildFile; fileRef = 842949371FD30F53001D6869 /* 4.png */; };
		8429493F1FD30F59001D6869 /* 3.png in Resources */ = {isa = PBXBuildFile; fileRef = 842949381FD30F54001D6869 /* 3.png */; };
		842949401FD30F59001D6869 /* 6.png in Resources */ = {isa = PBXBuildFile; fileRef = 842949391FD30F55001D6869 /* 6.png */; };
		842949411FD30F59001D6869 /* 6.jpg in Resources */ = {isa = PBXBuildFile; fileRef = 8429493A1FD30F56001D6869 /* 6.jpg */; };
		842949421FD30F59001D6869 /* 5.png in Resources */ = {isa = PBXBuildFile; fileRef = 8429493B1FD30F57001D6869 /* 5.png */; };
		842949431FD30F59001D6869 /* 2.png in Resources */ = {isa = PBXBuildFile; fileRef = 8429493C1FD30F58001D6869 /* 2.png */; };
		842949441FD30F59001D6869 /* 1.png in Resources */ = {isa = PBXBuildFile; fileRef = 8429493D1FD30F59001D6869 /* 1.png */; };
		842949481FD30FFC001D6869 /* ReviewController.m in Sources */ = {isa = PBXBuildFile; fileRef = 842949471FD30FFC001D6869 /* ReviewController.m */; };
		8429494C1FD3101F001D6869 /* ReviewCell.m in Sources */ = {isa = PBXBuildFile; fileRef = 8429494B1FD3101F001D6869 /* ReviewCell.m */; };
		8429494E1FD31033001D6869 /* ReviewCell.xib in Resources */ = {isa = PBXBuildFile; fileRef = 8429494D1FD31033001D6869 /* ReviewCell.xib */; };
		845FCE551FE4597E0071BE14 /* PushKit.framework in Frameworks */ = {isa = PBXBuildFile; fileRef = 845FCE521FE4596A0071BE14 /* PushKit.framework */; };
		845FCE561FE4597E0071BE14 /* UserNotifications.framework in Frameworks */ = {isa = PBXBuildFile; fileRef = 845FCE531FE4596A0071BE14 /* UserNotifications.framework */; settings = {ATTRIBUTES = (Weak, ); }; };
		845FCE571FE4598E0071BE14 /* UserNotificationsUI.framework in Frameworks */ = {isa = PBXBuildFile; fileRef = 845FCE541FE4596B0071BE14 /* UserNotificationsUI.framework */; settings = {ATTRIBUTES = (Weak, ); }; };
		8466FDAD1FC4D08700B2AB33 /* application.png in Resources */ = {isa = PBXBuildFile; fileRef = 8466FDA81FC4D08300B2AB33 /* application.png */; };
		8466FDAE1FC4D08800B2AB33 /* user.png in Resources */ = {isa = PBXBuildFile; fileRef = 8466FDA91FC4D08500B2AB33 /* user.png */; };
		8466FDAF1FC4D08800B2AB33 /* Enroll.png in Resources */ = {isa = PBXBuildFile; fileRef = 8466FDAA1FC4D08600B2AB33 /* Enroll.png */; };
		8466FDB01FC4D08800B2AB33 /* continue.png in Resources */ = {isa = PBXBuildFile; fileRef = 8466FDAB1FC4D08700B2AB33 /* continue.png */; };
		8466FDB51FC4D9F500B2AB33 /* Treatment.png in Resources */ = {isa = PBXBuildFile; fileRef = 8466FDB21FC4D9F100B2AB33 /* Treatment.png */; };
		8466FDB61FC4D9F500B2AB33 /* Prosthetics.png in Resources */ = {isa = PBXBuildFile; fileRef = 8466FDB31FC4D9F400B2AB33 /* Prosthetics.png */; };
		8466FDB71FC4D9F500B2AB33 /* Aesthetic.png in Resources */ = {isa = PBXBuildFile; fileRef = 8466FDB41FC4D9F500B2AB33 /* Aesthetic.png */; };
		8466FDBE1FC4DEB000B2AB33 /* VMaskEditor.m in Sources */ = {isa = PBXBuildFile; fileRef = 8466FDBB1FC4DEAC00B2AB33 /* VMaskEditor.m */; };
		8466FDBF1FC4DEB000B2AB33 /* VMaskTextField.m in Sources */ = {isa = PBXBuildFile; fileRef = 8466FDBC1FC4DEAE00B2AB33 /* VMaskTextField.m */; };
		846F4AC61FDC158600E06123 /* GoogleMobileAds.framework in Frameworks */ = {isa = PBXBuildFile; fileRef = 846F4AC51FDC158600E06123 /* GoogleMobileAds.framework */; };
		846F4AC91FDC159B00E06123 /* leveldb-library.framework in Frameworks */ = {isa = PBXBuildFile; fileRef = 846F4AC71FDC159600E06123 /* leveldb-library.framework */; };
		846F4ACA1FDC159B00E06123 /* FirebaseDatabase.framework in Frameworks */ = {isa = PBXBuildFile; fileRef = 846F4AC81FDC159A00E06123 /* FirebaseDatabase.framework */; };
		846F4ACC1FDC15AC00E06123 /* FirebaseDynamicLinks.framework in Frameworks */ = {isa = PBXBuildFile; fileRef = 846F4ACB1FDC15AC00E06123 /* FirebaseDynamicLinks.framework */; };
		846F4AD01FDC15DC00E06123 /* Protobuf.framework in Frameworks */ = {isa = PBXBuildFile; fileRef = 846F4ACE1FDC15D900E06123 /* Protobuf.framework */; };
		846F4AD11FDC15DC00E06123 /* FirebaseMessaging.framework in Frameworks */ = {isa = PBXBuildFile; fileRef = 846F4ACF1FDC15DC00E06123 /* FirebaseMessaging.framework */; };
		846F4AD41FDC16B500E06123 /* FirebaseAuth.framework in Frameworks */ = {isa = PBXBuildFile; fileRef = 846F4AD21FDC16AE00E06123 /* FirebaseAuth.framework */; };
		846F4AD51FDC16B500E06123 /* GTMSessionFetcher.framework in Frameworks */ = {isa = PBXBuildFile; fileRef = 846F4AD31FDC16B500E06123 /* GTMSessionFetcher.framework */; };
		846F4ADD1FDC16FE00E06123 /* GoogleToolboxForMac.framework in Frameworks */ = {isa = PBXBuildFile; fileRef = 846F4AD61FDC16EF00E06123 /* GoogleToolboxForMac.framework */; };
		846F4ADE1FDC16FE00E06123 /* FirebaseAnalytics.framework in Frameworks */ = {isa = PBXBuildFile; fileRef = 846F4AD71FDC16F400E06123 /* FirebaseAnalytics.framework */; };
		846F4ADF1FDC16FE00E06123 /* FirebaseNanoPB.framework in Frameworks */ = {isa = PBXBuildFile; fileRef = 846F4AD81FDC16F600E06123 /* FirebaseNanoPB.framework */; };
		846F4AE01FDC16FE00E06123 /* FirebaseCoreDiagnostics.framework in Frameworks */ = {isa = PBXBuildFile; fileRef = 846F4AD91FDC16F800E06123 /* FirebaseCoreDiagnostics.framework */; };
		846F4AE11FDC16FE00E06123 /* FirebaseCore.framework in Frameworks */ = {isa = PBXBuildFile; fileRef = 846F4ADA1FDC16FA00E06123 /* FirebaseCore.framework */; };
		846F4AE21FDC16FE00E06123 /* FirebaseInstanceID.framework in Frameworks */ = {isa = PBXBuildFile; fileRef = 846F4ADB1FDC16FC00E06123 /* FirebaseInstanceID.framework */; };
		846F4AE31FDC16FE00E06123 /* nanopb.framework in Frameworks */ = {isa = PBXBuildFile; fileRef = 846F4ADC1FDC16FD00E06123 /* nanopb.framework */; };
		846F4AE51FDC170D00E06123 /* FirebaseCrash.framework in Frameworks */ = {isa = PBXBuildFile; fileRef = 846F4AE41FDC170C00E06123 /* FirebaseCrash.framework */; };
		846F4AE81FDC18AC00E06123 /* FirebasePerformance.framework in Frameworks */ = {isa = PBXBuildFile; fileRef = 846F4AE61FDC18A800E06123 /* FirebasePerformance.framework */; };
		846F4AE91FDC18AC00E06123 /* FirebaseSwizzlingUtilities.framework in Frameworks */ = {isa = PBXBuildFile; fileRef = 846F4AE71FDC18AA00E06123 /* FirebaseSwizzlingUtilities.framework */; };
		846F4AEB1FDC18DC00E06123 /* FirebaseStorage.framework in Frameworks */ = {isa = PBXBuildFile; fileRef = 846F4AEA1FDC18DB00E06123 /* FirebaseStorage.framework */; };
		846F4AED1FDC306500E06123 /* GoogleService-Info.plist in Resources */ = {isa = PBXBuildFile; fileRef = 846F4AEC1FDC306400E06123 /* GoogleService-Info.plist */; };
/* End PBXBuildFile section */

/* Begin PBXContainerItemProxy section */
		5DB3E23C1FBBFA6F00A24456 /* PBXContainerItemProxy */ = {
			isa = PBXContainerItemProxy;
			containerPortal = 5DB3E21A1FBBFA6F00A24456 /* Project object */;
			proxyType = 1;
			remoteGlobalIDString = 5DB3E2211FBBFA6F00A24456;
			remoteInfo = "WhiteStory 1.1.0";
		};
		5DB3E2471FBBFA6F00A24456 /* PBXContainerItemProxy */ = {
			isa = PBXContainerItemProxy;
			containerPortal = 5DB3E21A1FBBFA6F00A24456 /* Project object */;
			proxyType = 1;
			remoteGlobalIDString = 5DB3E2211FBBFA6F00A24456;
			remoteInfo = "WhiteStory 1.1.0";
		};
/* End PBXContainerItemProxy section */

/* Begin PBXFileReference section */
		5D0013AA1FBE16C900F0EC9B /* 12.jpg */ = {isa = PBXFileReference; lastKnownFileType = image.jpeg; path = 12.jpg; sourceTree = "<group>"; };
		5D0013AB1FBE16C900F0EC9B /* 13.jpg */ = {isa = PBXFileReference; lastKnownFileType = image.jpeg; path = 13.jpg; sourceTree = "<group>"; };
		5D0013AF1FBF37E000F0EC9B /* ServicTableViewCell.h */ = {isa = PBXFileReference; fileEncoding = 4; lastKnownFileType = sourcecode.c.h; path = ServicTableViewCell.h; sourceTree = "<group>"; };
		5D0013B01FBF37E000F0EC9B /* ServicTableViewCell.m */ = {isa = PBXFileReference; fileEncoding = 4; lastKnownFileType = sourcecode.c.objc; path = ServicTableViewCell.m; sourceTree = "<group>"; };
		5D0013B21FBF420D00F0EC9B /* 17.jpg */ = {isa = PBXFileReference; lastKnownFileType = image.jpeg; path = 17.jpg; sourceTree = "<group>"; };
		5D0013B41FBF42C900F0EC9B /* 15.jpg */ = {isa = PBXFileReference; lastKnownFileType = image.jpeg; path = 15.jpg; sourceTree = "<group>"; };
		5D0013B61FBF433200F0EC9B /* 16.jpg */ = {isa = PBXFileReference; lastKnownFileType = image.jpeg; path = 16.jpg; sourceTree = "<group>"; };
		5DB3E2221FBBFA6F00A24456 /* WhiteStory.app */ = {isa = PBXFileReference; explicitFileType = wrapper.application; includeInIndex = 0; path = WhiteStory.app; sourceTree = BUILT_PRODUCTS_DIR; };
		5DB3E2261FBBFA6F00A24456 /* main.m */ = {isa = PBXFileReference; lastKnownFileType = sourcecode.c.objc; path = main.m; sourceTree = "<group>"; };
		5DB3E2281FBBFA6F00A24456 /* AppDelegate.h */ = {isa = PBXFileReference; lastKnownFileType = sourcecode.c.h; path = AppDelegate.h; sourceTree = "<group>"; };
		5DB3E2291FBBFA6F00A24456 /* AppDelegate.m */ = {isa = PBXFileReference; lastKnownFileType = sourcecode.c.objc; path = AppDelegate.m; sourceTree = "<group>"; };
		5DB3E22B1FBBFA6F00A24456 /* ViewController.h */ = {isa = PBXFileReference; lastKnownFileType = sourcecode.c.h; path = ViewController.h; sourceTree = "<group>"; };
		5DB3E22C1FBBFA6F00A24456 /* ViewController.m */ = {isa = PBXFileReference; lastKnownFileType = sourcecode.c.objc; path = ViewController.m; sourceTree = "<group>"; };
		5DB3E22F1FBBFA6F00A24456 /* Base */ = {isa = PBXFileReference; lastKnownFileType = file.storyboard; name = Base; path = Base.lproj/Main.storyboard; sourceTree = "<group>"; };
		5DB3E2311FBBFA6F00A24456 /* Assets.xcassets */ = {isa = PBXFileReference; lastKnownFileType = folder.assetcatalog; path = Assets.xcassets; sourceTree = "<group>"; };
		5DB3E2361FBBFA6F00A24456 /* Info.plist */ = {isa = PBXFileReference; lastKnownFileType = text.plist.xml; path = Info.plist; sourceTree = "<group>"; };
		5DB3E23B1FBBFA6F00A24456 /* WhiteStory 1.1.0Tests.xctest */ = {isa = PBXFileReference; explicitFileType = wrapper.cfbundle; includeInIndex = 0; path = "WhiteStory 1.1.0Tests.xctest"; sourceTree = BUILT_PRODUCTS_DIR; };
		5DB3E23F1FBBFA6F00A24456 /* WhiteStory_1_1_0Tests.m */ = {isa = PBXFileReference; lastKnownFileType = sourcecode.c.objc; path = WhiteStory_1_1_0Tests.m; sourceTree = "<group>"; };
		5DB3E2411FBBFA6F00A24456 /* Info.plist */ = {isa = PBXFileReference; lastKnownFileType = text.plist.xml; path = Info.plist; sourceTree = "<group>"; };
		5DB3E2461FBBFA6F00A24456 /* WhiteStory 1.1.0UITests.xctest */ = {isa = PBXFileReference; explicitFileType = wrapper.cfbundle; includeInIndex = 0; path = "WhiteStory 1.1.0UITests.xctest"; sourceTree = BUILT_PRODUCTS_DIR; };
		5DB3E24A1FBBFA6F00A24456 /* WhiteStory_1_1_0UITests.m */ = {isa = PBXFileReference; lastKnownFileType = sourcecode.c.objc; path = WhiteStory_1_1_0UITests.m; sourceTree = "<group>"; };
		5DB3E24C1FBBFA6F00A24456 /* Info.plist */ = {isa = PBXFileReference; lastKnownFileType = text.plist.xml; path = Info.plist; sourceTree = "<group>"; };
		5DB3E2581FBBFA8A00A24456 /* SWRevealViewController.h */ = {isa = PBXFileReference; fileEncoding = 4; lastKnownFileType = sourcecode.c.h; path = SWRevealViewController.h; sourceTree = "<group>"; };
		5DB3E2591FBBFA8A00A24456 /* SWRevealViewController.m */ = {isa = PBXFileReference; fileEncoding = 4; lastKnownFileType = sourcecode.c.objc; path = SWRevealViewController.m; sourceTree = "<group>"; };
		5DB3E25B1FBBFB0100A24456 /* WS-logo2.png */ = {isa = PBXFileReference; lastKnownFileType = image.png; path = "WS-logo2.png"; sourceTree = "<group>"; };
		5DB3E25D1FBBFB0900A24456 /* logo-3.png */ = {isa = PBXFileReference; lastKnownFileType = image.png; path = "logo-3.png"; sourceTree = "<group>"; };
		5DB3E25F1FBC0C8B00A24456 /* menu.png */ = {isa = PBXFileReference; lastKnownFileType = image.png; path = menu.png; sourceTree = "<group>"; };
		5DB3E2611FBC105700A24456 /* AboutViewController.h */ = {isa = PBXFileReference; fileEncoding = 4; lastKnownFileType = sourcecode.c.h; path = AboutViewController.h; sourceTree = "<group>"; };
		5DB3E2621FBC105700A24456 /* AboutViewController.m */ = {isa = PBXFileReference; fileEncoding = 4; lastKnownFileType = sourcecode.c.objc; path = AboutViewController.m; sourceTree = "<group>"; };
		5DB3E2641FBC137200A24456 /* phone.png */ = {isa = PBXFileReference; lastKnownFileType = image.png; path = phone.png; sourceTree = "<group>"; };
		5DB3E2661FBC69AF00A24456 /* MapViewController.h */ = {isa = PBXFileReference; fileEncoding = 4; lastKnownFileType = sourcecode.c.h; path = MapViewController.h; sourceTree = "<group>"; };
		5DB3E2671FBC69AF00A24456 /* MapViewController.m */ = {isa = PBXFileReference; fileEncoding = 4; lastKnownFileType = sourcecode.c.objc; path = MapViewController.m; sourceTree = "<group>"; };
		5DB3E2721FBC6B4D00A24456 /* Accelerate.framework */ = {isa = PBXFileReference; lastKnownFileType = wrapper.framework; name = Accelerate.framework; path = System/Library/Frameworks/Accelerate.framework; sourceTree = SDKROOT; };
		5DB3E2741FBC6B5B00A24456 /* CoreData.framework */ = {isa = PBXFileReference; lastKnownFileType = wrapper.framework; name = CoreData.framework; path = System/Library/Frameworks/CoreData.framework; sourceTree = SDKROOT; };
		5DB3E2761FBC6B6900A24456 /* CoreGraphics.framework */ = {isa = PBXFileReference; lastKnownFileType = wrapper.framework; name = CoreGraphics.framework; path = System/Library/Frameworks/CoreGraphics.framework; sourceTree = SDKROOT; };
		5DB3E2781FBC6B7800A24456 /* CoreLocation.framework */ = {isa = PBXFileReference; lastKnownFileType = wrapper.framework; name = CoreLocation.framework; path = System/Library/Frameworks/CoreLocation.framework; sourceTree = SDKROOT; };
		5DB3E27A1FBC6B8400A24456 /* CoreText.framework */ = {isa = PBXFileReference; lastKnownFileType = wrapper.framework; name = CoreText.framework; path = System/Library/Frameworks/CoreText.framework; sourceTree = SDKROOT; };
		5DB3E27C1FBC6B9100A24456 /* GLKit.framework */ = {isa = PBXFileReference; lastKnownFileType = wrapper.framework; name = GLKit.framework; path = System/Library/Frameworks/GLKit.framework; sourceTree = SDKROOT; };
		5DB3E27E1FBC6B9C00A24456 /* ImageIO.framework */ = {isa = PBXFileReference; lastKnownFileType = wrapper.framework; name = ImageIO.framework; path = System/Library/Frameworks/ImageIO.framework; sourceTree = SDKROOT; };
		5DB3E2801FBC6BA900A24456 /* libc++.tbd */ = {isa = PBXFileReference; lastKnownFileType = "sourcecode.text-based-dylib-definition"; name = "libc++.tbd"; path = "usr/lib/libc++.tbd"; sourceTree = SDKROOT; };
		5DB3E2821FBC6BB500A24456 /* libz.tbd */ = {isa = PBXFileReference; lastKnownFileType = "sourcecode.text-based-dylib-definition"; name = libz.tbd; path = usr/lib/libz.tbd; sourceTree = SDKROOT; };
		5DB3E2841FBC6BC100A24456 /* OpenGLES.framework */ = {isa = PBXFileReference; lastKnownFileType = wrapper.framework; name = OpenGLES.framework; path = System/Library/Frameworks/OpenGLES.framework; sourceTree = SDKROOT; };
		5DB3E2861FBC6BD100A24456 /* QuartzCore.framework */ = {isa = PBXFileReference; lastKnownFileType = wrapper.framework; name = QuartzCore.framework; path = System/Library/Frameworks/QuartzCore.framework; sourceTree = SDKROOT; };
		5DB3E2881FBC6BDC00A24456 /* SystemConfiguration.framework */ = {isa = PBXFileReference; lastKnownFileType = wrapper.framework; name = SystemConfiguration.framework; path = System/Library/Frameworks/SystemConfiguration.framework; sourceTree = SDKROOT; };
		5DB3E28A1FBC6BE900A24456 /* UIKit.framework */ = {isa = PBXFileReference; lastKnownFileType = wrapper.framework; name = UIKit.framework; path = System/Library/Frameworks/UIKit.framework; sourceTree = SDKROOT; };
		5DB3E28C1FBC892C00A24456 /* PromoViewController.h */ = {isa = PBXFileReference; fileEncoding = 4; lastKnownFileType = sourcecode.c.h; name = PromoViewController.h; path = "WhiteStory 1.1.0/PromoViewController.h"; sourceTree = "<group>"; };
		5DB3E28D1FBC892C00A24456 /* PromoViewController.m */ = {isa = PBXFileReference; fileEncoding = 4; lastKnownFileType = sourcecode.c.objc; name = PromoViewController.m; path = "WhiteStory 1.1.0/PromoViewController.m"; sourceTree = "<group>"; };
		5DB3E28F1FBC8BA600A24456 /* PromoTableViewController.h */ = {isa = PBXFileReference; fileEncoding = 4; lastKnownFileType = sourcecode.c.h; name = PromoTableViewController.h; path = "WhiteStory 1.1.0/PromoTableViewController.h"; sourceTree = "<group>"; };
		5DB3E2901FBC8BA600A24456 /* PromoTableViewController.m */ = {isa = PBXFileReference; fileEncoding = 4; lastKnownFileType = sourcecode.c.objc; name = PromoTableViewController.m; path = "WhiteStory 1.1.0/PromoTableViewController.m"; sourceTree = "<group>"; };
		5DB3E35B1FBD815200A24456 /* TableViewCell.h */ = {isa = PBXFileReference; fileEncoding = 4; lastKnownFileType = sourcecode.c.h; path = TableViewCell.h; sourceTree = "<group>"; };
		5DB3E35C1FBD815200A24456 /* TableViewCell.m */ = {isa = PBXFileReference; fileEncoding = 4; lastKnownFileType = sourcecode.c.objc; path = TableViewCell.m; sourceTree = "<group>"; };
		5DB3E35F1FBDBEEE00A24456 /* ServicesTableViewController.h */ = {isa = PBXFileReference; fileEncoding = 4; lastKnownFileType = sourcecode.c.h; name = ServicesTableViewController.h; path = ../ServicesTableViewController.h; sourceTree = "<group>"; };
		5DB3E3601FBDBEEE00A24456 /* ServicesTableViewController.m */ = {isa = PBXFileReference; fileEncoding = 4; lastKnownFileType = sourcecode.c.objc; name = ServicesTableViewController.m; path = ../ServicesTableViewController.m; sourceTree = "<group>"; };
		5DB3E3621FBDD21C00A24456 /* GoogleMaps.framework */ = {isa = PBXFileReference; lastKnownFileType = wrapper.framework; path = GoogleMaps.framework; sourceTree = "<group>"; };
		5DB3E3631FBDD21C00A24456 /* GoogleMapsBase.framework */ = {isa = PBXFileReference; lastKnownFileType = wrapper.framework; path = GoogleMapsBase.framework; sourceTree = "<group>"; };
		5DB3E3641FBDD21C00A24456 /* GoogleMapsCore.framework */ = {isa = PBXFileReference; lastKnownFileType = wrapper.framework; path = GoogleMapsCore.framework; sourceTree = "<group>"; };
		5DB3E3681FBDD23500A24456 /* GoogleMaps.bundle */ = {isa = PBXFileReference; lastKnownFileType = "wrapper.plug-in"; name = GoogleMaps.bundle; path = GoogleMaps.framework/Versions/A/Resources/GoogleMaps.bundle; sourceTree = "<group>"; };
		842948DF1FC6E7A5001D6869 /* WhiteStory.entitlements */ = {isa = PBXFileReference; lastKnownFileType = text.plist.entitlements; name = WhiteStory.entitlements; path = WhiteStory/WhiteStory.entitlements; sourceTree = "<group>"; };
		842948E01FC751F5001D6869 /* 7.jpg */ = {isa = PBXFileReference; lastKnownFileType = image.jpeg; path = 7.jpg; sourceTree = "<group>"; };
		842948E21FC75372001D6869 /* 5.jpg */ = {isa = PBXFileReference; lastKnownFileType = image.jpeg; path = 5.jpg; sourceTree = "<group>"; };
		842949061FCD389D001D6869 /* Launch Screen.storyboard */ = {isa = PBXFileReference; lastKnownFileType = file.storyboard; path = "Launch Screen.storyboard"; sourceTree = "<group>"; };
		8429490C1FCDAE8A001D6869 /* otbelivanie.png */ = {isa = PBXFileReference; lastKnownFileType = image.png; path = otbelivanie.png; sourceTree = "<group>"; };
		842949101FCDAEB7001D6869 /* chistka.png */ = {isa = PBXFileReference; lastKnownFileType = image.png; path = chistka.png; sourceTree = "<group>"; };
		842949121FCDB7E6001D6869 /* CellSmiTableViewCell.h */ = {isa = PBXFileReference; lastKnownFileType = sourcecode.c.h; path = CellSmiTableViewCell.h; sourceTree = "<group>"; };
		842949131FCDB7E6001D6869 /* CellSmiTableViewCell.m */ = {isa = PBXFileReference; lastKnownFileType = sourcecode.c.objc; path = CellSmiTableViewCell.m; sourceTree = "<group>"; };
		842949151FCDB812001D6869 /* SMITableView.h */ = {isa = PBXFileReference; lastKnownFileType = sourcecode.c.h; path = SMITableView.h; sourceTree = "<group>"; };
		842949161FCDB812001D6869 /* SMITableView.m */ = {isa = PBXFileReference; lastKnownFileType = sourcecode.c.objc; name = SMITableView.m; path = "../New Group/SMITableView.m"; sourceTree = "<group>"; };
		842949181FCDFDBB001D6869 /* Cell.xib */ = {isa = PBXFileReference; lastKnownFileType = file.xib; path = Cell.xib; sourceTree = "<group>"; };
		8429491A1FCF0442001D6869 /* o_clinice.png */ = {isa = PBXFileReference; lastKnownFileType = image.png; path = o_clinice.png; sourceTree = "<group>"; };
		8429491C1FCF0460001D6869 /* start.png */ = {isa = PBXFileReference; lastKnownFileType = image.png; path = start.png; sourceTree = "<group>"; };
		8429491E1FCF0470001D6869 /* endodont.png */ = {isa = PBXFileReference; lastKnownFileType = image.png; path = endodont.png; sourceTree = "<group>"; };
		842949201FD1E476001D6869 /* BeforeAfter.xib */ = {isa = PBXFileReference; lastKnownFileType = file.xib; path = BeforeAfter.xib; sourceTree = "<group>"; };
		842949241FD1E5C1001D6869 /* BeforeAfterCell.h */ = {isa = PBXFileReference; lastKnownFileType = sourcecode.c.h; path = BeforeAfterCell.h; sourceTree = "<group>"; };
		842949251FD1E5C1001D6869 /* BeforeAfterCell.m */ = {isa = PBXFileReference; lastKnownFileType = sourcecode.c.objc; path = BeforeAfterCell.m; sourceTree = "<group>"; };
		842949271FD1E5E6001D6869 /* BeforeAfterController.h */ = {isa = PBXFileReference; lastKnownFileType = sourcecode.c.h; path = BeforeAfterController.h; sourceTree = "<group>"; };
		842949281FD1E5E6001D6869 /* BeforeAfterController.m */ = {isa = PBXFileReference; lastKnownFileType = sourcecode.c.objc; path = BeforeAfterController.m; sourceTree = "<group>"; };
		8429492C1FD20255001D6869 /* iToast.m */ = {isa = PBXFileReference; fileEncoding = 4; lastKnownFileType = sourcecode.c.objc; path = iToast.m; sourceTree = "<group>"; };
		8429492D1FD20258001D6869 /* iToast.h */ = {isa = PBXFileReference; fileEncoding = 4; lastKnownFileType = sourcecode.c.h; path = iToast.h; sourceTree = "<group>"; };
		842949331FD30EAF001D6869 /* do1.jpg */ = {isa = PBXFileReference; lastKnownFileType = image.jpeg; path = do1.jpg; sourceTree = "<group>"; };
		842949341FD30EB0001D6869 /* do2.jpg */ = {isa = PBXFileReference; lastKnownFileType = image.jpeg; path = do2.jpg; sourceTree = "<group>"; };
		842949371FD30F53001D6869 /* 4.png */ = {isa = PBXFileReference; lastKnownFileType = image.png; path = 4.png; sourceTree = "<group>"; };
		842949381FD30F54001D6869 /* 3.png */ = {isa = PBXFileReference; lastKnownFileType = image.png; path = 3.png; sourceTree = "<group>"; };
		842949391FD30F55001D6869 /* 6.png */ = {isa = PBXFileReference; lastKnownFileType = image.png; path = 6.png; sourceTree = "<group>"; };
		8429493A1FD30F56001D6869 /* 6.jpg */ = {isa = PBXFileReference; lastKnownFileType = image.jpeg; path = 6.jpg; sourceTree = "<group>"; };
		8429493B1FD30F57001D6869 /* 5.png */ = {isa = PBXFileReference; lastKnownFileType = image.png; path = 5.png; sourceTree = "<group>"; };
		8429493C1FD30F58001D6869 /* 2.png */ = {isa = PBXFileReference; lastKnownFileType = image.png; path = 2.png; sourceTree = "<group>"; };
		8429493D1FD30F59001D6869 /* 1.png */ = {isa = PBXFileReference; lastKnownFileType = image.png; path = 1.png; sourceTree = "<group>"; };
		842949461FD30FFC001D6869 /* ReviewController.h */ = {isa = PBXFileReference; lastKnownFileType = sourcecode.c.h; path = ReviewController.h; sourceTree = "<group>"; };
		842949471FD30FFC001D6869 /* ReviewController.m */ = {isa = PBXFileReference; lastKnownFileType = sourcecode.c.objc; path = ReviewController.m; sourceTree = "<group>"; };
		8429494A1FD3101F001D6869 /* ReviewCell.h */ = {isa = PBXFileReference; lastKnownFileType = sourcecode.c.h; path = ReviewCell.h; sourceTree = "<group>"; };
		8429494B1FD3101F001D6869 /* ReviewCell.m */ = {isa = PBXFileReference; lastKnownFileType = sourcecode.c.objc; path = ReviewCell.m; sourceTree = "<group>"; };
		8429494D1FD31033001D6869 /* ReviewCell.xib */ = {isa = PBXFileReference; lastKnownFileType = file.xib; path = ReviewCell.xib; sourceTree = "<group>"; };
		845FCE521FE4596A0071BE14 /* PushKit.framework */ = {isa = PBXFileReference; lastKnownFileType = wrapper.framework; name = PushKit.framework; path = System/Library/Frameworks/PushKit.framework; sourceTree = SDKROOT; };
		845FCE531FE4596A0071BE14 /* UserNotifications.framework */ = {isa = PBXFileReference; lastKnownFileType = wrapper.framework; name = UserNotifications.framework; path = System/Library/Frameworks/UserNotifications.framework; sourceTree = SDKROOT; };
		845FCE541FE4596B0071BE14 /* UserNotificationsUI.framework */ = {isa = PBXFileReference; lastKnownFileType = wrapper.framework; name = UserNotificationsUI.framework; path = System/Library/Frameworks/UserNotificationsUI.framework; sourceTree = SDKROOT; };
		8466FDA71FC4C63400B2AB33 /* HubInfo.h */ = {isa = PBXFileReference; lastKnownFileType = sourcecode.c.h; path = HubInfo.h; sourceTree = "<group>"; };
		8466FDA81FC4D08300B2AB33 /* application.png */ = {isa = PBXFileReference; lastKnownFileType = image.png; path = application.png; sourceTree = "<group>"; };
		8466FDA91FC4D08500B2AB33 /* user.png */ = {isa = PBXFileReference; lastKnownFileType = image.png; path = user.png; sourceTree = "<group>"; };
		8466FDAA1FC4D08600B2AB33 /* Enroll.png */ = {isa = PBXFileReference; lastKnownFileType = image.png; path = Enroll.png; sourceTree = "<group>"; };
		8466FDAB1FC4D08700B2AB33 /* continue.png */ = {isa = PBXFileReference; lastKnownFileType = image.png; path = continue.png; sourceTree = "<group>"; };
		8466FDB21FC4D9F100B2AB33 /* Treatment.png */ = {isa = PBXFileReference; lastKnownFileType = image.png; path = Treatment.png; sourceTree = "<group>"; };
		8466FDB31FC4D9F400B2AB33 /* Prosthetics.png */ = {isa = PBXFileReference; lastKnownFileType = image.png; path = Prosthetics.png; sourceTree = "<group>"; };
		8466FDB41FC4D9F500B2AB33 /* Aesthetic.png */ = {isa = PBXFileReference; lastKnownFileType = image.png; path = Aesthetic.png; sourceTree = "<group>"; };
		8466FDBA1FC4DEAB00B2AB33 /* VMaskTextField.h */ = {isa = PBXFileReference; fileEncoding = 4; lastKnownFileType = sourcecode.c.h; path = VMaskTextField.h; sourceTree = "<group>"; };
		8466FDBB1FC4DEAC00B2AB33 /* VMaskEditor.m */ = {isa = PBXFileReference; fileEncoding = 4; lastKnownFileType = sourcecode.c.objc; path = VMaskEditor.m; sourceTree = "<group>"; };
		8466FDBC1FC4DEAE00B2AB33 /* VMaskTextField.m */ = {isa = PBXFileReference; fileEncoding = 4; lastKnownFileType = sourcecode.c.objc; path = VMaskTextField.m; sourceTree = "<group>"; };
		8466FDBD1FC4DEAF00B2AB33 /* VMaskEditor.h */ = {isa = PBXFileReference; fileEncoding = 4; lastKnownFileType = sourcecode.c.h; path = VMaskEditor.h; sourceTree = "<group>"; };
		846F4AC51FDC158600E06123 /* GoogleMobileAds.framework */ = {isa = PBXFileReference; lastKnownFileType = wrapper.framework; path = GoogleMobileAds.framework; sourceTree = "<group>"; };
		846F4AC71FDC159600E06123 /* leveldb-library.framework */ = {isa = PBXFileReference; lastKnownFileType = wrapper.framework; path = "leveldb-library.framework"; sourceTree = "<group>"; };
		846F4AC81FDC159A00E06123 /* FirebaseDatabase.framework */ = {isa = PBXFileReference; lastKnownFileType = wrapper.framework; path = FirebaseDatabase.framework; sourceTree = "<group>"; };
		846F4ACB1FDC15AC00E06123 /* FirebaseDynamicLinks.framework */ = {isa = PBXFileReference; lastKnownFileType = wrapper.framework; path = FirebaseDynamicLinks.framework; sourceTree = "<group>"; };
		846F4ACD1FDC15BB00E06123 /* Firebase.h */ = {isa = PBXFileReference; lastKnownFileType = sourcecode.c.h; path = Firebase.h; sourceTree = "<group>"; };
		846F4ACE1FDC15D900E06123 /* Protobuf.framework */ = {isa = PBXFileReference; lastKnownFileType = wrapper.framework; path = Protobuf.framework; sourceTree = "<group>"; };
		846F4ACF1FDC15DC00E06123 /* FirebaseMessaging.framework */ = {isa = PBXFileReference; lastKnownFileType = wrapper.framework; path = FirebaseMessaging.framework; sourceTree = "<group>"; };
		846F4AD21FDC16AE00E06123 /* FirebaseAuth.framework */ = {isa = PBXFileReference; lastKnownFileType = wrapper.framework; path = FirebaseAuth.framework; sourceTree = "<group>"; };
		846F4AD31FDC16B500E06123 /* GTMSessionFetcher.framework */ = {isa = PBXFileReference; lastKnownFileType = wrapper.framework; path = GTMSessionFetcher.framework; sourceTree = "<group>"; };
		846F4AD61FDC16EF00E06123 /* GoogleToolboxForMac.framework */ = {isa = PBXFileReference; lastKnownFileType = wrapper.framework; path = GoogleToolboxForMac.framework; sourceTree = "<group>"; };
		846F4AD71FDC16F400E06123 /* FirebaseAnalytics.framework */ = {isa = PBXFileReference; lastKnownFileType = wrapper.framework; path = FirebaseAnalytics.framework; sourceTree = "<group>"; };
		846F4AD81FDC16F600E06123 /* FirebaseNanoPB.framework */ = {isa = PBXFileReference; lastKnownFileType = wrapper.framework; path = FirebaseNanoPB.framework; sourceTree = "<group>"; };
		846F4AD91FDC16F800E06123 /* FirebaseCoreDiagnostics.framework */ = {isa = PBXFileReference; lastKnownFileType = wrapper.framework; path = FirebaseCoreDiagnostics.framework; sourceTree = "<group>"; };
		846F4ADA1FDC16FA00E06123 /* FirebaseCore.framework */ = {isa = PBXFileReference; lastKnownFileType = wrapper.framework; path = FirebaseCore.framework; sourceTree = "<group>"; };
		846F4ADB1FDC16FC00E06123 /* FirebaseInstanceID.framework */ = {isa = PBXFileReference; lastKnownFileType = wrapper.framework; path = FirebaseInstanceID.framework; sourceTree = "<group>"; };
		846F4ADC1FDC16FD00E06123 /* nanopb.framework */ = {isa = PBXFileReference; lastKnownFileType = wrapper.framework; path = nanopb.framework; sourceTree = "<group>"; };
		846F4AE41FDC170C00E06123 /* FirebaseCrash.framework */ = {isa = PBXFileReference; lastKnownFileType = wrapper.framework; path = FirebaseCrash.framework; sourceTree = "<group>"; };
		846F4AE61FDC18A800E06123 /* FirebasePerformance.framework */ = {isa = PBXFileReference; lastKnownFileType = wrapper.framework; path = FirebasePerformance.framework; sourceTree = "<group>"; };
		846F4AE71FDC18AA00E06123 /* FirebaseSwizzlingUtilities.framework */ = {isa = PBXFileReference; lastKnownFileType = wrapper.framework; path = FirebaseSwizzlingUtilities.framework; sourceTree = "<group>"; };
		846F4AEA1FDC18DB00E06123 /* FirebaseStorage.framework */ = {isa = PBXFileReference; lastKnownFileType = wrapper.framework; path = FirebaseStorage.framework; sourceTree = "<group>"; };
		846F4AEC1FDC306400E06123 /* GoogleService-Info.plist */ = {isa = PBXFileReference; fileEncoding = 4; lastKnownFileType = text.plist.xml; path = "GoogleService-Info.plist"; sourceTree = "<group>"; };
/* End PBXFileReference section */

/* Begin PBXFrameworksBuildPhase section */
		5DB3E21F1FBBFA6F00A24456 /* Frameworks */ = {
			isa = PBXFrameworksBuildPhase;
			buildActionMask = 2147483647;
			files = (
				845FCE571FE4598E0071BE14 /* UserNotificationsUI.framework in Frameworks */,
				845FCE551FE4597E0071BE14 /* PushKit.framework in Frameworks */,
				845FCE561FE4597E0071BE14 /* UserNotifications.framework in Frameworks */,
				846F4ADF1FDC16FE00E06123 /* FirebaseNanoPB.framework in Frameworks */,
				5DB3E3661FBDD21C00A24456 /* GoogleMapsBase.framework in Frameworks */,
				846F4ACC1FDC15AC00E06123 /* FirebaseDynamicLinks.framework in Frameworks */,
				846F4AD01FDC15DC00E06123 /* Protobuf.framework in Frameworks */,
				5DB3E28B1FBC6BE900A24456 /* UIKit.framework in Frameworks */,
				846F4AE51FDC170D00E06123 /* FirebaseCrash.framework in Frameworks */,
				846F4AD51FDC16B500E06123 /* GTMSessionFetcher.framework in Frameworks */,
				5DB3E2891FBC6BDC00A24456 /* SystemConfiguration.framework in Frameworks */,
				846F4AE31FDC16FE00E06123 /* nanopb.framework in Frameworks */,
				846F4AE21FDC16FE00E06123 /* FirebaseInstanceID.framework in Frameworks */,
				846F4AE11FDC16FE00E06123 /* FirebaseCore.framework in Frameworks */,
				846F4AE81FDC18AC00E06123 /* FirebasePerformance.framework in Frameworks */,
				5DB3E2871FBC6BD100A24456 /* QuartzCore.framework in Frameworks */,
				846F4AEB1FDC18DC00E06123 /* FirebaseStorage.framework in Frameworks */,
				5DB3E2851FBC6BC100A24456 /* OpenGLES.framework in Frameworks */,
				846F4AC91FDC159B00E06123 /* leveldb-library.framework in Frameworks */,
				5DB3E2831FBC6BB500A24456 /* libz.tbd in Frameworks */,
				846F4AE91FDC18AC00E06123 /* FirebaseSwizzlingUtilities.framework in Frameworks */,
				5DB3E2811FBC6BA900A24456 /* libc++.tbd in Frameworks */,
				846F4AD11FDC15DC00E06123 /* FirebaseMessaging.framework in Frameworks */,
				846F4ADE1FDC16FE00E06123 /* FirebaseAnalytics.framework in Frameworks */,
				5DB3E27F1FBC6B9C00A24456 /* ImageIO.framework in Frameworks */,
				5DB3E27D1FBC6B9100A24456 /* GLKit.framework in Frameworks */,
				846F4AD41FDC16B500E06123 /* FirebaseAuth.framework in Frameworks */,
				5DB3E2751FBC6B5B00A24456 /* CoreData.framework in Frameworks */,
				5DB3E3651FBDD21C00A24456 /* GoogleMaps.framework in Frameworks */,
				5DB3E27B1FBC6B8400A24456 /* CoreText.framework in Frameworks */,
				846F4ACA1FDC159B00E06123 /* FirebaseDatabase.framework in Frameworks */,
				846F4ADD1FDC16FE00E06123 /* GoogleToolboxForMac.framework in Frameworks */,
				5DB3E3671FBDD21C00A24456 /* GoogleMapsCore.framework in Frameworks */,
				5DB3E2791FBC6B7800A24456 /* CoreLocation.framework in Frameworks */,
				5DB3E2771FBC6B6900A24456 /* CoreGraphics.framework in Frameworks */,
				846F4AE01FDC16FE00E06123 /* FirebaseCoreDiagnostics.framework in Frameworks */,
				846F4AC61FDC158600E06123 /* GoogleMobileAds.framework in Frameworks */,
				5DB3E2731FBC6B4D00A24456 /* Accelerate.framework in Frameworks */,
			);
			runOnlyForDeploymentPostprocessing = 0;
		};
		5DB3E2381FBBFA6F00A24456 /* Frameworks */ = {
			isa = PBXFrameworksBuildPhase;
			buildActionMask = 2147483647;
			files = (
			);
			runOnlyForDeploymentPostprocessing = 0;
		};
		5DB3E2431FBBFA6F00A24456 /* Frameworks */ = {
			isa = PBXFrameworksBuildPhase;
			buildActionMask = 2147483647;
			files = (
			);
			runOnlyForDeploymentPostprocessing = 0;
		};
/* End PBXFrameworksBuildPhase section */

/* Begin PBXGroup section */
		5DB3E2191FBBFA6F00A24456 = {
			isa = PBXGroup;
			children = (
				846F4AC41FDC13F500E06123 /* FirebaseFramework */,
				842948DF1FC6E7A5001D6869 /* WhiteStory.entitlements */,
				5DB3E2711FBC6A3300A24456 /* Framework */,
				5DB3E2241FBBFA6F00A24456 /* WhiteStory 1.1.0 */,
				5DB3E23E1FBBFA6F00A24456 /* WhiteStory 1.1.0Tests */,
				5DB3E2491FBBFA6F00A24456 /* WhiteStory 1.1.0UITests */,
				5DB3E2231FBBFA6F00A24456 /* Products */,
				845FCE511FE459690071BE14 /* Frameworks */,
			);
			sourceTree = "<group>";
		};
		5DB3E2231FBBFA6F00A24456 /* Products */ = {
			isa = PBXGroup;
			children = (
				5DB3E2221FBBFA6F00A24456 /* WhiteStory.app */,
				5DB3E23B1FBBFA6F00A24456 /* WhiteStory 1.1.0Tests.xctest */,
				5DB3E2461FBBFA6F00A24456 /* WhiteStory 1.1.0UITests.xctest */,
			);
			name = Products;
			sourceTree = "<group>";
		};
		5DB3E2241FBBFA6F00A24456 /* WhiteStory 1.1.0 */ = {
			isa = PBXGroup;
			children = (
				842949451FD30F89001D6869 /* Review */,
				8429492B1FD20227001D6869 /* Toast */,
				842949231FD1E599001D6869 /* BeforeAfter */,
				842949221FD1E54E001D6869 /* SMI */,
				8466FDC11FC4DEDF00B2AB33 /*  VMask */,
				5DB3E35E1FBDBEA000A24456 /* TablePromo */,
				5DB3E2581FBBFA8A00A24456 /* SWRevealViewController.h */,
				5DB3E2591FBBFA8A00A24456 /* SWRevealViewController.m */,
				5DB3E2611FBC105700A24456 /* AboutViewController.h */,
				5DB3E2621FBC105700A24456 /* AboutViewController.m */,
				5DB3E2281FBBFA6F00A24456 /* AppDelegate.h */,
				5DB3E2291FBBFA6F00A24456 /* AppDelegate.m */,
				5DB3E22B1FBBFA6F00A24456 /* ViewController.h */,
				5DB3E22C1FBBFA6F00A24456 /* ViewController.m */,
				5DB3E2661FBC69AF00A24456 /* MapViewController.h */,
				5DB3E2671FBC69AF00A24456 /* MapViewController.m */,
				5DB3E35F1FBDBEEE00A24456 /* ServicesTableViewController.h */,
				5DB3E3601FBDBEEE00A24456 /* ServicesTableViewController.m */,
				5DB3E35B1FBD815200A24456 /* TableViewCell.h */,
				5DB3E35C1FBD815200A24456 /* TableViewCell.m */,
				5D0013AF1FBF37E000F0EC9B /* ServicTableViewCell.h */,
				5D0013B01FBF37E000F0EC9B /* ServicTableViewCell.m */,
				842949061FCD389D001D6869 /* Launch Screen.storyboard */,
				5DB3E22E1FBBFA6F00A24456 /* Main.storyboard */,
				5DB3E2311FBBFA6F00A24456 /* Assets.xcassets */,
				846F4AEC1FDC306400E06123 /* GoogleService-Info.plist */,
				5DB3E2361FBBFA6F00A24456 /* Info.plist */,
				5DB3E2251FBBFA6F00A24456 /* Supporting Files */,
				8466FDA71FC4C63400B2AB33 /* HubInfo.h */,
			);
			path = "WhiteStory 1.1.0";
			sourceTree = "<group>";
		};
		5DB3E2251FBBFA6F00A24456 /* Supporting Files */ = {
			isa = PBXGroup;
			children = (
				8429493D1FD30F59001D6869 /* 1.png */,
				8429493C1FD30F58001D6869 /* 2.png */,
				842949381FD30F54001D6869 /* 3.png */,
				842949371FD30F53001D6869 /* 4.png */,
				8429493B1FD30F57001D6869 /* 5.png */,
				8429493A1FD30F56001D6869 /* 6.jpg */,
				842949391FD30F55001D6869 /* 6.png */,
				842949331FD30EAF001D6869 /* do1.jpg */,
				842949341FD30EB0001D6869 /* do2.jpg */,
				8466FDAA1FC4D08600B2AB33 /* Enroll.png */,
				8429491A1FCF0442001D6869 /* o_clinice.png */,
				8466FDA81FC4D08300B2AB33 /* application.png */,
				8429491C1FCF0460001D6869 /* start.png */,
				8466FDB21FC4D9F100B2AB33 /* Treatment.png */,
				8466FDB31FC4D9F400B2AB33 /* Prosthetics.png */,
				8466FDB41FC4D9F500B2AB33 /* Aesthetic.png */,
				8466FDAB1FC4D08700B2AB33 /* continue.png */,
				8429491E1FCF0470001D6869 /* endodont.png */,
				8429490C1FCDAE8A001D6869 /* otbelivanie.png */,
				842949101FCDAEB7001D6869 /* chistka.png */,
				8466FDA91FC4D08500B2AB33 /* user.png */,
				842948E21FC75372001D6869 /* 5.jpg */,
				842948E01FC751F5001D6869 /* 7.jpg */,
				5D0013B21FBF420D00F0EC9B /* 17.jpg */,
				5D0013B41FBF42C900F0EC9B /* 15.jpg */,
				5D0013AA1FBE16C900F0EC9B /* 12.jpg */,
				5D0013AB1FBE16C900F0EC9B /* 13.jpg */,
				5D0013B61FBF433200F0EC9B /* 16.jpg */,
				5DB3E2641FBC137200A24456 /* phone.png */,
				5DB3E25F1FBC0C8B00A24456 /* menu.png */,
				5DB3E25B1FBBFB0100A24456 /* WS-logo2.png */,
				5DB3E2261FBBFA6F00A24456 /* main.m */,
				5DB3E25D1FBBFB0900A24456 /* logo-3.png */,
			);
			name = "Supporting Files";
			sourceTree = "<group>";
		};
		5DB3E23E1FBBFA6F00A24456 /* WhiteStory 1.1.0Tests */ = {
			isa = PBXGroup;
			children = (
				5DB3E23F1FBBFA6F00A24456 /* WhiteStory_1_1_0Tests.m */,
				5DB3E2411FBBFA6F00A24456 /* Info.plist */,
			);
			path = "WhiteStory 1.1.0Tests";
			sourceTree = "<group>";
		};
		5DB3E2491FBBFA6F00A24456 /* WhiteStory 1.1.0UITests */ = {
			isa = PBXGroup;
			children = (
				5DB3E24A1FBBFA6F00A24456 /* WhiteStory_1_1_0UITests.m */,
				5DB3E24C1FBBFA6F00A24456 /* Info.plist */,
			);
			path = "WhiteStory 1.1.0UITests";
			sourceTree = "<group>";
		};
		5DB3E2711FBC6A3300A24456 /* Framework */ = {
			isa = PBXGroup;
			children = (
				5DB3E28A1FBC6BE900A24456 /* UIKit.framework */,
				5DB3E2881FBC6BDC00A24456 /* SystemConfiguration.framework */,
				5DB3E2861FBC6BD100A24456 /* QuartzCore.framework */,
				5DB3E2841FBC6BC100A24456 /* OpenGLES.framework */,
				5DB3E2821FBC6BB500A24456 /* libz.tbd */,
				5DB3E2801FBC6BA900A24456 /* libc++.tbd */,
				5DB3E3681FBDD23500A24456 /* GoogleMaps.bundle */,
				5DB3E3621FBDD21C00A24456 /* GoogleMaps.framework */,
				5DB3E3631FBDD21C00A24456 /* GoogleMapsBase.framework */,
				5DB3E3641FBDD21C00A24456 /* GoogleMapsCore.framework */,
				5DB3E27E1FBC6B9C00A24456 /* ImageIO.framework */,
				5DB3E27C1FBC6B9100A24456 /* GLKit.framework */,
				5DB3E27A1FBC6B8400A24456 /* CoreText.framework */,
				5DB3E2781FBC6B7800A24456 /* CoreLocation.framework */,
				5DB3E2761FBC6B6900A24456 /* CoreGraphics.framework */,
				5DB3E2741FBC6B5B00A24456 /* CoreData.framework */,
				5DB3E2721FBC6B4D00A24456 /* Accelerate.framework */,
			);
			name = Framework;
			sourceTree = "<group>";
		};
		5DB3E35E1FBDBEA000A24456 /* TablePromo */ = {
			isa = PBXGroup;
			children = (
				5DB3E28C1FBC892C00A24456 /* PromoViewController.h */,
				5DB3E28D1FBC892C00A24456 /* PromoViewController.m */,
				5DB3E28F1FBC8BA600A24456 /* PromoTableViewController.h */,
				5DB3E2901FBC8BA600A24456 /* PromoTableViewController.m */,
			);
			name = TablePromo;
			path = ..;
			sourceTree = "<group>";
		};
		842949221FD1E54E001D6869 /* SMI */ = {
			isa = PBXGroup;
			children = (
				842949181FCDFDBB001D6869 /* Cell.xib */,
				842949121FCDB7E6001D6869 /* CellSmiTableViewCell.h */,
				842949131FCDB7E6001D6869 /* CellSmiTableViewCell.m */,
				842949151FCDB812001D6869 /* SMITableView.h */,
				842949161FCDB812001D6869 /* SMITableView.m */,
			);
			path = SMI;
			sourceTree = "<group>";
		};
		842949231FD1E599001D6869 /* BeforeAfter */ = {
			isa = PBXGroup;
			children = (
				842949201FD1E476001D6869 /* BeforeAfter.xib */,
				842949241FD1E5C1001D6869 /* BeforeAfterCell.h */,
				842949251FD1E5C1001D6869 /* BeforeAfterCell.m */,
				842949271FD1E5E6001D6869 /* BeforeAfterController.h */,
				842949281FD1E5E6001D6869 /* BeforeAfterController.m */,
			);
			path = BeforeAfter;
			sourceTree = "<group>";
		};
		8429492B1FD20227001D6869 /* Toast */ = {
			isa = PBXGroup;
			children = (
				8429492D1FD20258001D6869 /* iToast.h */,
				8429492C1FD20255001D6869 /* iToast.m */,
			);
			path = Toast;
			sourceTree = "<group>";
		};
		842949451FD30F89001D6869 /* Review */ = {
			isa = PBXGroup;
			children = (
				842949461FD30FFC001D6869 /* ReviewController.h */,
				842949471FD30FFC001D6869 /* ReviewController.m */,
				8429494A1FD3101F001D6869 /* ReviewCell.h */,
				8429494B1FD3101F001D6869 /* ReviewCell.m */,
				8429494D1FD31033001D6869 /* ReviewCell.xib */,
			);
			path = Review;
			sourceTree = "<group>";
		};
		845FCE511FE459690071BE14 /* Frameworks */ = {
			isa = PBXGroup;
			children = (
				845FCE521FE4596A0071BE14 /* PushKit.framework */,
				845FCE531FE4596A0071BE14 /* UserNotifications.framework */,
				845FCE541FE4596B0071BE14 /* UserNotificationsUI.framework */,
			);
			name = Frameworks;
			sourceTree = "<group>";
		};
		8466FDC11FC4DEDF00B2AB33 /*  VMask */ = {
			isa = PBXGroup;
			children = (
				8466FDBD1FC4DEAF00B2AB33 /* VMaskEditor.h */,
				8466FDBB1FC4DEAC00B2AB33 /* VMaskEditor.m */,
				8466FDBA1FC4DEAB00B2AB33 /* VMaskTextField.h */,
				8466FDBC1FC4DEAE00B2AB33 /* VMaskTextField.m */,
			);
			path = " VMask";
			sourceTree = "<group>";
		};
		846F4AC41FDC13F500E06123 /* FirebaseFramework */ = {
			isa = PBXGroup;
			children = (
				846F4AEA1FDC18DB00E06123 /* FirebaseStorage.framework */,
				846F4AE61FDC18A800E06123 /* FirebasePerformance.framework */,
				846F4AE71FDC18AA00E06123 /* FirebaseSwizzlingUtilities.framework */,
				846F4AE41FDC170C00E06123 /* FirebaseCrash.framework */,
				846F4AD71FDC16F400E06123 /* FirebaseAnalytics.framework */,
				846F4ADA1FDC16FA00E06123 /* FirebaseCore.framework */,
				846F4AD91FDC16F800E06123 /* FirebaseCoreDiagnostics.framework */,
				846F4ADB1FDC16FC00E06123 /* FirebaseInstanceID.framework */,
				846F4AD81FDC16F600E06123 /* FirebaseNanoPB.framework */,
				846F4AD61FDC16EF00E06123 /* GoogleToolboxForMac.framework */,
				846F4ADC1FDC16FD00E06123 /* nanopb.framework */,
				846F4AD21FDC16AE00E06123 /* FirebaseAuth.framework */,
				846F4AD31FDC16B500E06123 /* GTMSessionFetcher.framework */,
				846F4ACF1FDC15DC00E06123 /* FirebaseMessaging.framework */,
				846F4ACE1FDC15D900E06123 /* Protobuf.framework */,
				846F4ACD1FDC15BB00E06123 /* Firebase.h */,
				846F4ACB1FDC15AC00E06123 /* FirebaseDynamicLinks.framework */,
				846F4AC81FDC159A00E06123 /* FirebaseDatabase.framework */,
				846F4AC71FDC159600E06123 /* leveldb-library.framework */,
				846F4AC51FDC158600E06123 /* GoogleMobileAds.framework */,
			);
			path = FirebaseFramework;
			sourceTree = "<group>";
		};
/* End PBXGroup section */

/* Begin PBXNativeTarget section */
		5DB3E2211FBBFA6F00A24456 /* WhiteStory */ = {
			isa = PBXNativeTarget;
			buildConfigurationList = 5DB3E24F1FBBFA6F00A24456 /* Build configuration list for PBXNativeTarget "WhiteStory" */;
			buildPhases = (
				5DB3E21E1FBBFA6F00A24456 /* Sources */,
				5DB3E21F1FBBFA6F00A24456 /* Frameworks */,
				5DB3E2201FBBFA6F00A24456 /* Resources */,
			);
			buildRules = (
			);
			dependencies = (
			);
			name = WhiteStory;
			productName = "WhiteStory 1.1.0";
			productReference = 5DB3E2221FBBFA6F00A24456 /* WhiteStory.app */;
			productType = "com.apple.product-type.application";
		};
		5DB3E23A1FBBFA6F00A24456 /* WhiteStory 1.1.0Tests */ = {
			isa = PBXNativeTarget;
			buildConfigurationList = 5DB3E2521FBBFA6F00A24456 /* Build configuration list for PBXNativeTarget "WhiteStory 1.1.0Tests" */;
			buildPhases = (
				5DB3E2371FBBFA6F00A24456 /* Sources */,
				5DB3E2381FBBFA6F00A24456 /* Frameworks */,
				5DB3E2391FBBFA6F00A24456 /* Resources */,
			);
			buildRules = (
			);
			dependencies = (
				5DB3E23D1FBBFA6F00A24456 /* PBXTargetDependency */,
			);
			name = "WhiteStory 1.1.0Tests";
			productName = "WhiteStory 1.1.0Tests";
			productReference = 5DB3E23B1FBBFA6F00A24456 /* WhiteStory 1.1.0Tests.xctest */;
			productType = "com.apple.product-type.bundle.unit-test";
		};
		5DB3E2451FBBFA6F00A24456 /* WhiteStory 1.1.0UITests */ = {
			isa = PBXNativeTarget;
			buildConfigurationList = 5DB3E2551FBBFA6F00A24456 /* Build configuration list for PBXNativeTarget "WhiteStory 1.1.0UITests" */;
			buildPhases = (
				5DB3E2421FBBFA6F00A24456 /* Sources */,
				5DB3E2431FBBFA6F00A24456 /* Frameworks */,
				5DB3E2441FBBFA6F00A24456 /* Resources */,
			);
			buildRules = (
			);
			dependencies = (
				5DB3E2481FBBFA6F00A24456 /* PBXTargetDependency */,
			);
			name = "WhiteStory 1.1.0UITests";
			productName = "WhiteStory 1.1.0UITests";
			productReference = 5DB3E2461FBBFA6F00A24456 /* WhiteStory 1.1.0UITests.xctest */;
			productType = "com.apple.product-type.bundle.ui-testing";
		};
/* End PBXNativeTarget section */

/* Begin PBXProject section */
		5DB3E21A1FBBFA6F00A24456 /* Project object */ = {
			isa = PBXProject;
			attributes = {
				LastUpgradeCheck = 0730;
				ORGANIZATIONNAME = "Vethmor Solution";
				TargetAttributes = {
					5DB3E2211FBBFA6F00A24456 = {
						CreatedOnToolsVersion = 7.3.1;
						DevelopmentTeam = X9G5YE4N3S;
						ProvisioningStyle = Automatic;
						SystemCapabilities = {
							com.apple.Push = {
								enabled = 1;
							};
						};
					};
					5DB3E23A1FBBFA6F00A24456 = {
						CreatedOnToolsVersion = 7.3.1;
						DevelopmentTeam = X9G5YE4N3S;
						TestTargetID = 5DB3E2211FBBFA6F00A24456;
					};
					5DB3E2451FBBFA6F00A24456 = {
						CreatedOnToolsVersion = 7.3.1;
						DevelopmentTeam = X9G5YE4N3S;
						TestTargetID = 5DB3E2211FBBFA6F00A24456;
					};
				};
			};
			buildConfigurationList = 5DB3E21D1FBBFA6F00A24456 /* Build configuration list for PBXProject "WhiteStory 1.1.0" */;
			compatibilityVersion = "Xcode 3.2";
			developmentRegion = English;
			hasScannedForEncodings = 0;
			knownRegions = (
				en,
				Base,
			);
			mainGroup = 5DB3E2191FBBFA6F00A24456;
			productRefGroup = 5DB3E2231FBBFA6F00A24456 /* Products */;
			projectDirPath = "";
			projectRoot = "";
			targets = (
				5DB3E2211FBBFA6F00A24456 /* WhiteStory */,
				5DB3E23A1FBBFA6F00A24456 /* WhiteStory 1.1.0Tests */,
				5DB3E2451FBBFA6F00A24456 /* WhiteStory 1.1.0UITests */,
			);
		};
/* End PBXProject section */

/* Begin PBXResourcesBuildPhase section */
		5DB3E2201FBBFA6F00A24456 /* Resources */ = {
			isa = PBXResourcesBuildPhase;
			buildActionMask = 2147483647;
			files = (
				8429493E1FD30F59001D6869 /* 4.png in Resources */,
				8429494E1FD31033001D6869 /* ReviewCell.xib in Resources */,
				8466FDAD1FC4D08700B2AB33 /* application.png in Resources */,
				842949421FD30F59001D6869 /* 5.png in Resources */,
				8466FDB61FC4D9F500B2AB33 /* Prosthetics.png in Resources */,
				8429493F1FD30F59001D6869 /* 3.png in Resources */,
				8466FDB51FC4D9F500B2AB33 /* Treatment.png in Resources */,
				842949211FD1E476001D6869 /* BeforeAfter.xib in Resources */,
				842948E11FC751F6001D6869 /* 7.jpg in Resources */,
				8429491F1FCF0470001D6869 /* endodont.png in Resources */,
				8429491B1FCF0443001D6869 /* o_clinice.png in Resources */,
				842949191FCDFDBB001D6869 /* Cell.xib in Resources */,
				842949111FCDAEB8001D6869 /* chistka.png in Resources */,
				5D0013B71FBF433200F0EC9B /* 16.jpg in Resources */,
				842949361FD30EB0001D6869 /* do2.jpg in Resources */,
				5DB3E25C1FBBFB0100A24456 /* WS-logo2.png in Resources */,
				842949401FD30F59001D6869 /* 6.png in Resources */,
				846F4AED1FDC306500E06123 /* GoogleService-Info.plist in Resources */,
				842949431FD30F59001D6869 /* 2.png in Resources */,
				8466FDB01FC4D08800B2AB33 /* continue.png in Resources */,
				842949441FD30F59001D6869 /* 1.png in Resources */,
				5DB3E2601FBC0C8B00A24456 /* menu.png in Resources */,
				5D0013AD1FBE16CA00F0EC9B /* 12.jpg in Resources */,
				842949411FD30F59001D6869 /* 6.jpg in Resources */,
				5DB3E2651FBC137200A24456 /* phone.png in Resources */,
				5D0013B31FBF420D00F0EC9B /* 17.jpg in Resources */,
				842948E31FC75373001D6869 /* 5.jpg in Resources */,
				8429491D1FCF0460001D6869 /* start.png in Resources */,
				5DB3E25E1FBBFB0900A24456 /* logo-3.png in Resources */,
				5D0013AE1FBE16CA00F0EC9B /* 13.jpg in Resources */,
				8429490D1FCDAE8C001D6869 /* otbelivanie.png in Resources */,
				842949351FD30EB0001D6869 /* do1.jpg in Resources */,
				5DB3E2321FBBFA6F00A24456 /* Assets.xcassets in Resources */,
				8466FDB71FC4D9F500B2AB33 /* Aesthetic.png in Resources */,
				5DB3E2301FBBFA6F00A24456 /* Main.storyboard in Resources */,
				8466FDAE1FC4D08800B2AB33 /* user.png in Resources */,
				5DB3E3691FBDD23500A24456 /* GoogleMaps.bundle in Resources */,
				8466FDAF1FC4D08800B2AB33 /* Enroll.png in Resources */,
				842949071FCD389D001D6869 /* Launch Screen.storyboard in Resources */,
				5D0013B51FBF42C900F0EC9B /* 15.jpg in Resources */,
			);
			runOnlyForDeploymentPostprocessing = 0;
		};
		5DB3E2391FBBFA6F00A24456 /* Resources */ = {
			isa = PBXResourcesBuildPhase;
			buildActionMask = 2147483647;
			files = (
			);
			runOnlyForDeploymentPostprocessing = 0;
		};
		5DB3E2441FBBFA6F00A24456 /* Resources */ = {
			isa = PBXResourcesBuildPhase;
			buildActionMask = 2147483647;
			files = (
			);
			runOnlyForDeploymentPostprocessing = 0;
		};
/* End PBXResourcesBuildPhase section */

/* Begin PBXSourcesBuildPhase section */
		5DB3E21E1FBBFA6F00A24456 /* Sources */ = {
			isa = PBXSourcesBuildPhase;
			buildActionMask = 2147483647;
			files = (
				842949171FCDB812001D6869 /* SMITableView.m in Sources */,
				842949261FD1E5C1001D6869 /* BeforeAfterCell.m in Sources */,
				5DB3E28E1FBC892C00A24456 /* PromoViewController.m in Sources */,
				5DB3E2911FBC8BA600A24456 /* PromoTableViewController.m in Sources */,
				5DB3E22D1FBBFA6F00A24456 /* ViewController.m in Sources */,
				8429494C1FD3101F001D6869 /* ReviewCell.m in Sources */,
				5DB3E2631FBC105700A24456 /* AboutViewController.m in Sources */,
				5D0013B11FBF37E000F0EC9B /* ServicTableViewCell.m in Sources */,
				842949141FCDB7E6001D6869 /* CellSmiTableViewCell.m in Sources */,
				8466FDBE1FC4DEB000B2AB33 /* VMaskEditor.m in Sources */,
				8429492E1FD20258001D6869 /* iToast.m in Sources */,
				5DB3E35D1FBD815200A24456 /* TableViewCell.m in Sources */,
				5DB3E3611FBDBEEE00A24456 /* ServicesTableViewController.m in Sources */,
				5DB3E22A1FBBFA6F00A24456 /* AppDelegate.m in Sources */,
				5DB3E2681FBC69AF00A24456 /* MapViewController.m in Sources */,
				8466FDBF1FC4DEB000B2AB33 /* VMaskTextField.m in Sources */,
				842949291FD1E5E6001D6869 /* BeforeAfterController.m in Sources */,
				842949481FD30FFC001D6869 /* ReviewController.m in Sources */,
				5DB3E2271FBBFA6F00A24456 /* main.m in Sources */,
				5DB3E25A1FBBFA8A00A24456 /* SWRevealViewController.m in Sources */,
			);
			runOnlyForDeploymentPostprocessing = 0;
		};
		5DB3E2371FBBFA6F00A24456 /* Sources */ = {
			isa = PBXSourcesBuildPhase;
			buildActionMask = 2147483647;
			files = (
				5DB3E2401FBBFA6F00A24456 /* WhiteStory_1_1_0Tests.m in Sources */,
			);
			runOnlyForDeploymentPostprocessing = 0;
		};
		5DB3E2421FBBFA6F00A24456 /* Sources */ = {
			isa = PBXSourcesBuildPhase;
			buildActionMask = 2147483647;
			files = (
				5DB3E24B1FBBFA6F00A24456 /* WhiteStory_1_1_0UITests.m in Sources */,
			);
			runOnlyForDeploymentPostprocessing = 0;
		};
/* End PBXSourcesBuildPhase section */

/* Begin PBXTargetDependency section */
		5DB3E23D1FBBFA6F00A24456 /* PBXTargetDependency */ = {
			isa = PBXTargetDependency;
			target = 5DB3E2211FBBFA6F00A24456 /* WhiteStory */;
			targetProxy = 5DB3E23C1FBBFA6F00A24456 /* PBXContainerItemProxy */;
		};
		5DB3E2481FBBFA6F00A24456 /* PBXTargetDependency */ = {
			isa = PBXTargetDependency;
			target = 5DB3E2211FBBFA6F00A24456 /* WhiteStory */;
			targetProxy = 5DB3E2471FBBFA6F00A24456 /* PBXContainerItemProxy */;
		};
/* End PBXTargetDependency section */

/* Begin PBXVariantGroup section */
		5DB3E22E1FBBFA6F00A24456 /* Main.storyboard */ = {
			isa = PBXVariantGroup;
			children = (
				5DB3E22F1FBBFA6F00A24456 /* Base */,
			);
			name = Main.storyboard;
			sourceTree = "<group>";
		};
/* End PBXVariantGroup section */

/* Begin XCBuildConfiguration section */
		5DB3E24D1FBBFA6F00A24456 /* Debug */ = {
			isa = XCBuildConfiguration;
			buildSettings = {
				ALWAYS_SEARCH_USER_PATHS = NO;
				CLANG_ANALYZER_NONNULL = YES;
				CLANG_CXX_LANGUAGE_STANDARD = "gnu++0x";
				CLANG_CXX_LIBRARY = "libc++";
				CLANG_ENABLE_MODULES = YES;
				CLANG_ENABLE_OBJC_ARC = YES;
				CLANG_WARN_BOOL_CONVERSION = YES;
				CLANG_WARN_CONSTANT_CONVERSION = YES;
				CLANG_WARN_DIRECT_OBJC_ISA_USAGE = YES_ERROR;
				CLANG_WARN_EMPTY_BODY = YES;
				CLANG_WARN_ENUM_CONVERSION = YES;
				CLANG_WARN_INT_CONVERSION = YES;
				CLANG_WARN_OBJC_ROOT_CLASS = YES_ERROR;
				CLANG_WARN_UNREACHABLE_CODE = YES;
				CLANG_WARN__DUPLICATE_METHOD_MATCH = YES;
				CODE_SIGN_IDENTITY = "iPhone Developer: Mikhail Kirillov (K2ENPE52JF)";
				"CODE_SIGN_IDENTITY[sdk=iphoneos*]" = "iPhone Developer: Mikhail Kirillov (K2ENPE52JF)";
				COPY_PHASE_STRIP = NO;
				DEBUG_INFORMATION_FORMAT = dwarf;
				DEVELOPMENT_TEAM = X9G5YE4N3S;
				ENABLE_BITCODE = NO;
				ENABLE_STRICT_OBJC_MSGSEND = YES;
				ENABLE_TESTABILITY = YES;
				GCC_C_LANGUAGE_STANDARD = gnu99;
				GCC_DYNAMIC_NO_PIC = NO;
				GCC_NO_COMMON_BLOCKS = YES;
				GCC_OPTIMIZATION_LEVEL = 0;
				GCC_PREPROCESSOR_DEFINITIONS = (
					"DEBUG=1",
					"$(inherited)",
				);
				GCC_WARN_64_TO_32_BIT_CONVERSION = YES;
				GCC_WARN_ABOUT_RETURN_TYPE = YES_ERROR;
				GCC_WARN_UNDECLARED_SELECTOR = YES;
				GCC_WARN_UNINITIALIZED_AUTOS = YES_AGGRESSIVE;
				GCC_WARN_UNUSED_FUNCTION = YES;
				GCC_WARN_UNUSED_VARIABLE = YES;
				IPHONEOS_DEPLOYMENT_TARGET = 9.3;
				MTL_ENABLE_DEBUG_INFO = YES;
				ONLY_ACTIVE_ARCH = YES;
				PROVISIONING_PROFILE = "9a1b9091-1bf8-4d5d-b9ad-8b724cef29f9";
				SDKROOT = iphoneos;
				TARGETED_DEVICE_FAMILY = "1,2";
			};
			name = Debug;
		};
		5DB3E24E1FBBFA6F00A24456 /* Release */ = {
			isa = XCBuildConfiguration;
			buildSettings = {
				ALWAYS_SEARCH_USER_PATHS = NO;
				CLANG_ANALYZER_NONNULL = YES;
				CLANG_CXX_LANGUAGE_STANDARD = "gnu++0x";
				CLANG_CXX_LIBRARY = "libc++";
				CLANG_ENABLE_MODULES = YES;
				CLANG_ENABLE_OBJC_ARC = YES;
				CLANG_WARN_BOOL_CONVERSION = YES;
				CLANG_WARN_CONSTANT_CONVERSION = YES;
				CLANG_WARN_DIRECT_OBJC_ISA_USAGE = YES_ERROR;
				CLANG_WARN_EMPTY_BODY = YES;
				CLANG_WARN_ENUM_CONVERSION = YES;
				CLANG_WARN_INT_CONVERSION = YES;
				CLANG_WARN_OBJC_ROOT_CLASS = YES_ERROR;
				CLANG_WARN_UNREACHABLE_CODE = YES;
				CLANG_WARN__DUPLICATE_METHOD_MATCH = YES;
				"CODE_SIGN_IDENTITY[sdk=iphoneos*]" = "iPhone Developer: Mikhail Kirillov (K2ENPE52JF)";
				COPY_PHASE_STRIP = NO;
				DEBUG_INFORMATION_FORMAT = "dwarf-with-dsym";
				DEVELOPMENT_TEAM = X9G5YE4N3S;
				ENABLE_BITCODE = NO;
				ENABLE_NS_ASSERTIONS = NO;
				ENABLE_STRICT_OBJC_MSGSEND = YES;
				GCC_C_LANGUAGE_STANDARD = gnu99;
				GCC_NO_COMMON_BLOCKS = YES;
				GCC_WARN_64_TO_32_BIT_CONVERSION = YES;
				GCC_WARN_ABOUT_RETURN_TYPE = YES_ERROR;
				GCC_WARN_UNDECLARED_SELECTOR = YES;
				GCC_WARN_UNINITIALIZED_AUTOS = YES_AGGRESSIVE;
				GCC_WARN_UNUSED_FUNCTION = YES;
				GCC_WARN_UNUSED_VARIABLE = YES;
				IPHONEOS_DEPLOYMENT_TARGET = 9.3;
				MTL_ENABLE_DEBUG_INFO = NO;
				PROVISIONING_PROFILE = "9a1b9091-1bf8-4d5d-b9ad-8b724cef29f9";
				SDKROOT = iphoneos;
				TARGETED_DEVICE_FAMILY = "1,2";
				VALIDATE_PRODUCT = YES;
			};
			name = Release;
		};
		5DB3E2501FBBFA6F00A24456 /* Debug */ = {
			isa = XCBuildConfiguration;
			buildSettings = {
				ASSETCATALOG_COMPILER_APPICON_NAME = AppIcon;
				CODE_SIGN_ENTITLEMENTS = WhiteStory/WhiteStory.entitlements;
				CODE_SIGN_IDENTITY = "iPhone Developer: Mikhail Kirillov (K2ENPE52JF)";
				"CODE_SIGN_IDENTITY[sdk=iphoneos*]" = "iPhone Developer";
				CODE_SIGN_STYLE = Automatic;
				DEVELOPMENT_TEAM = X9G5YE4N3S;
				"DYLIB_INSTALL_NAME_BASE[arch=*]" = "";
				FRAMEWORK_SEARCH_PATHS = (
					"$(inherited)",
					"$(PROJECT_DIR)/WhiteStory",
					1.1.0,
					"$(PROJECT_DIR)",
					"$(PROJECT_DIR)/FirebaseFramework",
				);
				INFOPLIST_FILE = "WhiteStory 1.1.0/Info.plist";
				LD_RUNPATH_SEARCH_PATHS = "$(inherited) @executable_path/Frameworks";
				"OTHER_LDFLAGS[arch=*]" = "-ObjC";
				PRODUCT_BUNDLE_IDENTIFIER = VSapp.WhiteStory;
				PRODUCT_NAME = "$(TARGET_NAME)";
				PROVISIONING_PROFILE = "";
				PROVISIONING_PROFILE_SPECIFIER = "";
				TARGETED_DEVICE_FAMILY = 1;
			};
			name = Debug;
		};
		5DB3E2511FBBFA6F00A24456 /* Release */ = {
			isa = XCBuildConfiguration;
			buildSettings = {
				ASSETCATALOG_COMPILER_APPICON_NAME = AppIcon;
				CODE_SIGN_ENTITLEMENTS = WhiteStory/WhiteStory.entitlements;
				"CODE_SIGN_IDENTITY[sdk=iphoneos*]" = "iPhone Developer";
				CODE_SIGN_STYLE = Automatic;
				DEVELOPMENT_TEAM = X9G5YE4N3S;
				FRAMEWORK_SEARCH_PATHS = (
					"$(inherited)",
					"$(PROJECT_DIR)/WhiteStory",
					1.1.0,
					"$(PROJECT_DIR)",
					"$(PROJECT_DIR)/FirebaseFramework",
				);
				INFOPLIST_FILE = "WhiteStory 1.1.0/Info.plist";
				LD_RUNPATH_SEARCH_PATHS = "$(inherited) @executable_path/Frameworks";
				ONLY_ACTIVE_ARCH = YES;
				PRODUCT_BUNDLE_IDENTIFIER = VSapp.WhiteStory;
				PRODUCT_NAME = "$(TARGET_NAME)";
				PROVISIONING_PROFILE = "";
				PROVISIONING_PROFILE_SPECIFIER = "";
				TARGETED_DEVICE_FAMILY = 1;
			};
			name = Release;
		};
		5DB3E2531FBBFA6F00A24456 /* Debug */ = {
			isa = XCBuildConfiguration;
			buildSettings = {
				BUNDLE_LOADER = "$(TEST_HOST)";
				INFOPLIST_FILE = "WhiteStory 1.1.0Tests/Info.plist";
				LD_RUNPATH_SEARCH_PATHS = "$(inherited) @executable_path/Frameworks @loader_path/Frameworks";
				PRODUCT_BUNDLE_IDENTIFIER = "Anastasiya.WhiteStory-1-1-0Tests";
				PRODUCT_NAME = "$(TARGET_NAME)";
				TEST_HOST = "$(BUILT_PRODUCTS_DIR)/WhiteStory 1.1.0.app/WhiteStory 1.1.0";
			};
			name = Debug;
		};
		5DB3E2541FBBFA6F00A24456 /* Release */ = {
			isa = XCBuildConfiguration;
			buildSettings = {
				BUNDLE_LOADER = "$(TEST_HOST)";
				INFOPLIST_FILE = "WhiteStory 1.1.0Tests/Info.plist";
				LD_RUNPATH_SEARCH_PATHS = "$(inherited) @executable_path/Frameworks @loader_path/Frameworks";
				PRODUCT_BUNDLE_IDENTIFIER = "Anastasiya.WhiteStory-1-1-0Tests";
				PRODUCT_NAME = "$(TARGET_NAME)";
				TEST_HOST = "$(BUILT_PRODUCTS_DIR)/WhiteStory 1.1.0.app/WhiteStory 1.1.0";
			};
			name = Release;
		};
		5DB3E2561FBBFA6F00A24456 /* Debug */ = {
			isa = XCBuildConfiguration;
			buildSettings = {
				INFOPLIST_FILE = "WhiteStory 1.1.0UITests/Info.plist";
				LD_RUNPATH_SEARCH_PATHS = "$(inherited) @executable_path/Frameworks @loader_path/Frameworks";
				PRODUCT_BUNDLE_IDENTIFIER = "Anastasiya.WhiteStory-1-1-0UITests";
				PRODUCT_NAME = "$(TARGET_NAME)";
				TEST_TARGET_NAME = "WhiteStory 1.1.0";
			};
			name = Debug;
		};
		5DB3E2571FBBFA6F00A24456 /* Release */ = {
			isa = XCBuildConfiguration;
			buildSettings = {
				INFOPLIST_FILE = "WhiteStory 1.1.0UITests/Info.plist";
				LD_RUNPATH_SEARCH_PATHS = "$(inherited) @executable_path/Frameworks @loader_path/Frameworks";
				PRODUCT_BUNDLE_IDENTIFIER = "Anastasiya.WhiteStory-1-1-0UITests";
				PRODUCT_NAME = "$(TARGET_NAME)";
				TEST_TARGET_NAME = "WhiteStory 1.1.0";
			};
			name = Release;
		};
/* End XCBuildConfiguration section */

/* Begin XCConfigurationList section */
		5DB3E21D1FBBFA6F00A24456 /* Build configuration list for PBXProject "WhiteStory 1.1.0" */ = {
			isa = XCConfigurationList;
			buildConfigurations = (
				5DB3E24D1FBBFA6F00A24456 /* Debug */,
				5DB3E24E1FBBFA6F00A24456 /* Release */,
			);
			defaultConfigurationIsVisible = 0;
			defaultConfigurationName = Release;
		};
		5DB3E24F1FBBFA6F00A24456 /* Build configuration list for PBXNativeTarget "WhiteStory" */ = {
			isa = XCConfigurationList;
			buildConfigurations = (
				5DB3E2501FBBFA6F00A24456 /* Debug */,
				5DB3E2511FBBFA6F00A24456 /* Release */,
			);
			defaultConfigurationIsVisible = 0;
			defaultConfigurationName = Release;
		};
		5DB3E2521FBBFA6F00A24456 /* Build configuration list for PBXNativeTarget "WhiteStory 1.1.0Tests" */ = {
			isa = XCConfigurationList;
			buildConfigurations = (
				5DB3E2531FBBFA6F00A24456 /* Debug */,
				5DB3E2541FBBFA6F00A24456 /* Release */,
			);
			defaultConfigurationIsVisible = 0;
			defaultConfigurationName = Release;
		};
		5DB3E2551FBBFA6F00A24456 /* Build configuration list for PBXNativeTarget "WhiteStory 1.1.0UITests" */ = {
			isa = XCConfigurationList;
			buildConfigurations = (
				5DB3E2561FBBFA6F00A24456 /* Debug */,
				5DB3E2571FBBFA6F00A24456 /* Release */,
			);
			defaultConfigurationIsVisible = 0;
			defaultConfigurationName = Release;
		};
/* End XCConfigurationList section */
	};
	rootObject = 5DB3E21A1FBBFA6F00A24456 /* Project object */;
}
